
Microsoft Visual Studio Solution File, Format Version 12.00
# Visual Studio 15
VisualStudioVersion = 15.0.26124.0
MinimumVisualStudioVersion = 15.0.26124.0
Project("{FAE04EC0-301F-11D3-BF4B-00C04F79EFBC}") = "library", "library\library.csproj", "{B9C830AB-D195-4238-BFA3-1162557C22F8}"
EndProject
Project("{FAE04EC0-301F-11D3-BF4B-00C04F79EFBC}") = "test-library", "test-library\test-library.csproj", "{D3C2E75F-43D7-44C8-8F27-FD94F901AD86}"
EndProject
Project("{FAE04EC0-301F-11D3-BF4B-00C04F79EFBC}") = "app", "app\app.csproj", "{79C0EBC4-C8AF-4841-93A8-1D015DFD4121}"
EndProject
Global
	GlobalSection(SolutionConfigurationPlatforms) = preSolution
		Debug|Any CPU = Debug|Any CPU
		Debug|x64 = Debug|x64
		Debug|x86 = Debug|x86
		Release|Any CPU = Release|Any CPU
		Release|x64 = Release|x64
		Release|x86 = Release|x86
	EndGlobalSection
	GlobalSection(SolutionProperties) = preSolution
		HideSolutionNode = FALSE
	EndGlobalSection
	GlobalSection(ProjectConfigurationPlatforms) = postSolution
		{B9C830AB-D195-4238-BFA3-1162557C22F8}.Debug|Any CPU.ActiveCfg = Debug|Any CPU
		{B9C830AB-D195-4238-BFA3-1162557C22F8}.Debug|Any CPU.Build.0 = Debug|Any CPU
		{B9C830AB-D195-4238-BFA3-1162557C22F8}.Debug|x64.ActiveCfg = Debug|x64
		{B9C830AB-D195-4238-BFA3-1162557C22F8}.Debug|x64.Build.0 = Debug|x64
		{B9C830AB-D195-4238-BFA3-1162557C22F8}.Debug|x86.ActiveCfg = Debug|x86
		{B9C830AB-D195-4238-BFA3-1162557C22F8}.Debug|x86.Build.0 = Debug|x86
		{B9C830AB-D195-4238-BFA3-1162557C22F8}.Release|Any CPU.ActiveCfg = Release|Any CPU
		{B9C830AB-D195-4238-BFA3-1162557C22F8}.Release|Any CPU.Build.0 = Release|Any CPU
		{B9C830AB-D195-4238-BFA3-1162557C22F8}.Release|x64.ActiveCfg = Release|x64
		{B9C830AB-D195-4238-BFA3-1162557C22F8}.Release|x64.Build.0 = Release|x64
		{B9C830AB-D195-4238-BFA3-1162557C22F8}.Release|x86.ActiveCfg = Release|x86
		{B9C830AB-D195-4238-BFA3-1162557C22F8}.Release|x86.Build.0 = Release|x86
		{D3C2E75F-43D7-44C8-8F27-FD94F901AD86}.Debug|Any CPU.ActiveCfg = Debug|Any CPU
		{D3C2E75F-43D7-44C8-8F27-FD94F901AD86}.Debug|Any CPU.Build.0 = Debug|Any CPU
		{D3C2E75F-43D7-44C8-8F27-FD94F901AD86}.Debug|x64.ActiveCfg = Debug|x64
		{D3C2E75F-43D7-44C8-8F27-FD94F901AD86}.Debug|x64.Build.0 = Debug|x64
		{D3C2E75F-43D7-44C8-8F27-FD94F901AD86}.Debug|x86.ActiveCfg = Debug|x86
		{D3C2E75F-43D7-44C8-8F27-FD94F901AD86}.Debug|x86.Build.0 = Debug|x86
		{D3C2E75F-43D7-44C8-8F27-FD94F901AD86}.Release|Any CPU.ActiveCfg = Release|Any CPU
		{D3C2E75F-43D7-44C8-8F27-FD94F901AD86}.Release|Any CPU.Build.0 = Release|Any CPU
		{D3C2E75F-43D7-44C8-8F27-FD94F901AD86}.Release|x64.ActiveCfg = Release|x64
		{D3C2E75F-43D7-44C8-8F27-FD94F901AD86}.Release|x64.Build.0 = Release|x64
		{D3C2E75F-43D7-44C8-8F27-FD94F901AD86}.Release|x86.ActiveCfg = Release|x86
		{D3C2E75F-43D7-44C8-8F27-FD94F901AD86}.Release|x86.Build.0 = Release|x86
		{79C0EBC4-C8AF-4841-93A8-1D015DFD4121}.Debug|Any CPU.ActiveCfg = Debug|Any CPU
		{79C0EBC4-C8AF-4841-93A8-1D015DFD4121}.Debug|Any CPU.Build.0 = Debug|Any CPU
		{79C0EBC4-C8AF-4841-93A8-1D015DFD4121}.Debug|x64.ActiveCfg = Debug|x64
		{79C0EBC4-C8AF-4841-93A8-1D015DFD4121}.Debug|x64.Build.0 = Debug|x64
		{79C0EBC4-C8AF-4841-93A8-1D015DFD4121}.Debug|x86.ActiveCfg = Debug|x86
		{79C0EBC4-C8AF-4841-93A8-1D015DFD4121}.Debug|x86.Build.0 = Debug|x86
		{79C0EBC4-C8AF-4841-93A8-1D015DFD4121}.Release|Any CPU.ActiveCfg = Release|Any CPU
		{79C0EBC4-C8AF-4841-93A8-1D015DFD4121}.Release|Any CPU.Build.0 = Release|Any CPU
		{79C0EBC4-C8AF-4841-93A8-1D015DFD4121}.Release|x64.ActiveCfg = Release|x64
		{79C0EBC4-C8AF-4841-93A8-1D015DFD4121}.Release|x64.Build.0 = Release|x64
		{79C0EBC4-C8AF-4841-93A8-1D015DFD4121}.Release|x86.ActiveCfg = Release|x86
		{79C0EBC4-C8AF-4841-93A8-1D015DFD4121}.Release|x86.Build.0 = Release|x86
	EndGlobalSection
EndGlobal
